// !$*UTF8*$!
{
	archiveVersion = 1;
	classes = {
	};
	objectVersion = 46;
	objects = {

/* Begin PBXBuildFile section */
		8D39F33C1EAF160700503B78 /* main.m in Sources */ = {isa = PBXBuildFile; fileRef = 8D39F33B1EAF160700503B78 /* main.m */; };
		8D39F33F1EAF160700503B78 /* AppDelegate.m in Sources */ = {isa = PBXBuildFile; fileRef = 8D39F33E1EAF160700503B78 /* AppDelegate.m */; };
		8D39F3421EAF160700503B78 /* ViewController.m in Sources */ = {isa = PBXBuildFile; fileRef = 8D39F3411EAF160700503B78 /* ViewController.m */; };
		8D39F3451EAF160700503B78 /* Main.storyboard in Resources */ = {isa = PBXBuildFile; fileRef = 8D39F3431EAF160700503B78 /* Main.storyboard */; };
		8D39F3471EAF160700503B78 /* Assets.xcassets in Resources */ = {isa = PBXBuildFile; fileRef = 8D39F3461EAF160700503B78 /* Assets.xcassets */; };
		8D39F34A1EAF160700503B78 /* LaunchScreen.storyboard in Resources */ = {isa = PBXBuildFile; fileRef = 8D39F3481EAF160700503B78 /* LaunchScreen.storyboard */; };
		8D39F3551EAF160700503B78 /* ____Tests.m in Sources */ = {isa = PBXBuildFile; fileRef = 8D39F3541EAF160700503B78 /* ____Tests.m */; };
		8D39F3601EAF160700503B78 /* ____UITests.m in Sources */ = {isa = PBXBuildFile; fileRef = 8D39F35F1EAF160700503B78 /* ____UITests.m */; };
		8D39F36F1EAF165D00503B78 /* HYRDragViewController.m in Sources */ = {isa = PBXBuildFile; fileRef = 8D39F36E1EAF165D00503B78 /* HYRDragViewController.m */; };
/* End PBXBuildFile section */

/* Begin PBXContainerItemProxy section */
		8D39F3511EAF160700503B78 /* PBXContainerItemProxy */ = {
			isa = PBXContainerItemProxy;
			containerPortal = 8D39F32F1EAF160700503B78 /* Project object */;
			proxyType = 1;
			remoteGlobalIDString = 8D39F3361EAF160700503B78;
			remoteInfo = "抽屉效果";
		};
		8D39F35C1EAF160700503B78 /* PBXContainerItemProxy */ = {
			isa = PBXContainerItemProxy;
			containerPortal = 8D39F32F1EAF160700503B78 /* Project object */;
			proxyType = 1;
			remoteGlobalIDString = 8D39F3361EAF160700503B78;
			remoteInfo = "抽屉效果";
		};
/* End PBXContainerItemProxy section */

/* Begin PBXFileReference section */
		8D39F3371EAF160700503B78 /* 抽屉效果.app */ = {isa = PBXFileReference; explicitFileType = wrapper.application; includeInIndex = 0; path = "抽屉效果.app"; sourceTree = BUILT_PRODUCTS_DIR; };
		8D39F33B1EAF160700503B78 /* main.m */ = {isa = PBXFileReference; lastKnownFileType = sourcecode.c.objc; path = main.m; sourceTree = "<group>"; };
		8D39F33D1EAF160700503B78 /* AppDelegate.h */ = {isa = PBXFileReference; lastKnownFileType = sourcecode.c.h; path = AppDelegate.h; sourceTree = "<group>"; };
		8D39F33E1EAF160700503B78 /* AppDelegate.m */ = {isa = PBXFileReference; lastKnownFileType = sourcecode.c.objc; path = AppDelegate.m; sourceTree = "<group>"; };
		8D39F3401EAF160700503B78 /* ViewController.h */ = {isa = PBXFileReference; lastKnownFileType = sourcecode.c.h; path = ViewController.h; sourceTree = "<group>"; };
		8D39F3411EAF160700503B78 /* ViewController.m */ = {isa = PBXFileReference; lastKnownFileType = sourcecode.c.objc; path = ViewController.m; sourceTree = "<group>"; };
		8D39F3441EAF160700503B78 /* Base */ = {isa = PBXFileReference; lastKnownFileType = file.storyboard; name = Base; path = Base.lproj/Main.storyboard; sourceTree = "<group>"; };
		8D39F3461EAF160700503B78 /* Assets.xcassets */ = {isa = PBXFileReference; lastKnownFileType = folder.assetcatalog; path = Assets.xcassets; sourceTree = "<group>"; };
		8D39F3491EAF160700503B78 /* Base */ = {isa = PBXFileReference; lastKnownFileType = file.storyboard; name = Base; path = Base.lproj/LaunchScreen.storyboard; sourceTree = "<group>"; };
		8D39F34B1EAF160700503B78 /* Info.plist */ = {isa = PBXFileReference; lastKnownFileType = text.plist.xml; path = Info.plist; sourceTree = "<group>"; };
		8D39F3501EAF160700503B78 /* 抽屉效果Tests.xctest */ = {isa = PBXFileReference; explicitFileType = wrapper.cfbundle; includeInIndex = 0; path = "抽屉效果Tests.xctest"; sourceTree = BUILT_PRODUCTS_DIR; };
		8D39F3541EAF160700503B78 /* ____Tests.m */ = {isa = PBXFileReference; lastKnownFileType = sourcecode.c.objc; path = "____Tests.m"; sourceTree = "<group>"; };
		8D39F3561EAF160700503B78 /* Info.plist */ = {isa = PBXFileReference; lastKnownFileType = text.plist.xml; path = Info.plist; sourceTree = "<group>"; };
		8D39F35B1EAF160700503B78 /* 抽屉效果UITests.xctest */ = {isa = PBXFileReference; explicitFileType = wrapper.cfbundle; includeInIndex = 0; path = "抽屉效果UITests.xctest"; sourceTree = BUILT_PRODUCTS_DIR; };
		8D39F35F1EAF160700503B78 /* ____UITests.m */ = {isa = PBXFileReference; lastKnownFileType = sourcecode.c.objc; path = "____UITests.m"; sourceTree = "<group>"; };
		8D39F3611EAF160700503B78 /* Info.plist */ = {isa = PBXFileReference; lastKnownFileType = text.plist.xml; path = Info.plist; sourceTree = "<group>"; };
		8D39F36D1EAF165D00503B78 /* HYRDragViewController.h */ = {isa = PBXFileReference; fileEncoding = 4; lastKnownFileType = sourcecode.c.h; path = HYRDragViewController.h; sourceTree = "<group>"; };
		8D39F36E1EAF165D00503B78 /* HYRDragViewController.m */ = {isa = PBXFileReference; fileEncoding = 4; lastKnownFileType = sourcecode.c.objc; path = HYRDragViewController.m; sourceTree = "<group>"; };
/* End PBXFileReference section */

/* Begin PBXFrameworksBuildPhase section */
		8D39F3341EAF160700503B78 /* Frameworks */ = {
			isa = PBXFrameworksBuildPhase;
			buildActionMask = 2147483647;
			files = (
			);
			runOnlyForDeploymentPostprocessing = 0;
		};
		8D39F34D1EAF160700503B78 /* Frameworks */ = {
			isa = PBXFrameworksBuildPhase;
			buildActionMask = 2147483647;
			files = (
			);
			runOnlyForDeploymentPostprocessing = 0;
		};
		8D39F3581EAF160700503B78 /* Frameworks */ = {
			isa = PBXFrameworksBuildPhase;
			buildActionMask = 2147483647;
			files = (
			);
			runOnlyForDeploymentPostprocessing = 0;
		};
/* End PBXFrameworksBuildPhase section */

/* Begin PBXGroup section */
		8D39F32E1EAF160700503B78 = {
			isa = PBXGroup;
			children = (
				8D39F3391EAF160700503B78 /* 抽屉效果 */,
				8D39F3531EAF160700503B78 /* 抽屉效果Tests */,
				8D39F35E1EAF160700503B78 /* 抽屉效果UITests */,
				8D39F3381EAF160700503B78 /* Products */,
			);
			sourceTree = "<group>";
		};
		8D39F3381EAF160700503B78 /* Products */ = {
			isa = PBXGroup;
			children = (
				8D39F3371EAF160700503B78 /* 抽屉效果.app */,
				8D39F3501EAF160700503B78 /* 抽屉效果Tests.xctest */,
				8D39F35B1EAF160700503B78 /* 抽屉效果UITests.xctest */,
			);
			name = Products;
			sourceTree = "<group>";
		};
		8D39F3391EAF160700503B78 /* 抽屉效果 */ = {
			isa = PBXGroup;
			children = (
				8D39F33D1EAF160700503B78 /* AppDelegate.h */,
				8D39F33E1EAF160700503B78 /* AppDelegate.m */,
				8D39F3401EAF160700503B78 /* ViewController.h */,
				8D39F3411EAF160700503B78 /* ViewController.m */,
				8D39F36D1EAF165D00503B78 /* HYRDragViewController.h */,
				8D39F36E1EAF165D00503B78 /* HYRDragViewController.m */,
				8D39F3431EAF160700503B78 /* Main.storyboard */,
				8D39F3461EAF160700503B78 /* Assets.xcassets */,
				8D39F3481EAF160700503B78 /* LaunchScreen.storyboard */,
				8D39F34B1EAF160700503B78 /* Info.plist */,
				8D39F33A1EAF160700503B78 /* Supporting Files */,
			);
			path = "抽屉效果";
			sourceTree = "<group>";
		};
		8D39F33A1EAF160700503B78 /* Supporting Files */ = {
			isa = PBXGroup;
			children = (
				8D39F33B1EAF160700503B78 /* main.m */,
			);
			name = "Supporting Files";
			sourceTree = "<group>";
		};
		8D39F3531EAF160700503B78 /* 抽屉效果Tests */ = {
			isa = PBXGroup;
			children = (
				8D39F3541EAF160700503B78 /* ____Tests.m */,
				8D39F3561EAF160700503B78 /* Info.plist */,
			);
			path = "抽屉效果Tests";
			sourceTree = "<group>";
		};
		8D39F35E1EAF160700503B78 /* 抽屉效果UITests */ = {
			isa = PBXGroup;
			children = (
				8D39F35F1EAF160700503B78 /* ____UITests.m */,
				8D39F3611EAF160700503B78 /* Info.plist */,
			);
			path = "抽屉效果UITests";
			sourceTree = "<group>";
		};
/* End PBXGroup section */

/* Begin PBXNativeTarget section */
		8D39F3361EAF160700503B78 /* 抽屉效果 */ = {
			isa = PBXNativeTarget;
			buildConfigurationList = 8D39F3641EAF160700503B78 /* Build configuration list for PBXNativeTarget "抽屉效果" */;
			buildPhases = (
				8D39F3331EAF160700503B78 /* Sources */,
				8D39F3341EAF160700503B78 /* Frameworks */,
				8D39F3351EAF160700503B78 /* Resources */,
			);
			buildRules = (
			);
			dependencies = (
			);
			name = "抽屉效果";
			productName = "抽屉效果";
			productReference = 8D39F3371EAF160700503B78 /* 抽屉效果.app */;
			productType = "com.apple.product-type.application";
		};
		8D39F34F1EAF160700503B78 /* 抽屉效果Tests */ = {
			isa = PBXNativeTarget;
			buildConfigurationList = 8D39F3671EAF160700503B78 /* Build configuration list for PBXNativeTarget "抽屉效果Tests" */;
			buildPhases = (
				8D39F34C1EAF160700503B78 /* Sources */,
				8D39F34D1EAF160700503B78 /* Frameworks */,
				8D39F34E1EAF160700503B78 /* Resources */,
			);
			buildRules = (
			);
			dependencies = (
				8D39F3521EAF160700503B78 /* PBXTargetDependency */,
			);
			name = "抽屉效果Tests";
			productName = "抽屉效果Tests";
			productReference = 8D39F3501EAF160700503B78 /* 抽屉效果Tests.xctest */;
			productType = "com.apple.product-type.bundle.unit-test";
		};
		8D39F35A1EAF160700503B78 /* 抽屉效果UITests */ = {
			isa = PBXNativeTarget;
			buildConfigurationList = 8D39F36A1EAF160700503B78 /* Build configuration list for PBXNativeTarget "抽屉效果UITests" */;
			buildPhases = (
				8D39F3571EAF160700503B78 /* Sources */,
				8D39F3581EAF160700503B78 /* Frameworks */,
				8D39F3591EAF160700503B78 /* Resources */,
			);
			buildRules = (
			);
			dependencies = (
				8D39F35D1EAF160700503B78 /* PBXTargetDependency */,
			);
			name = "抽屉效果UITests";
			productName = "抽屉效果UITests";
			productReference = 8D39F35B1EAF160700503B78 /* 抽屉效果UITests.xctest */;
			productType = "com.apple.product-type.bundle.ui-testing";
		};
/* End PBXNativeTarget section */

/* Begin PBXProject section */
		8D39F32F1EAF160700503B78 /* Project object */ = {
			isa = PBXProject;
			attributes = {
				LastUpgradeCheck = 0830;
				ORGANIZATIONNAME = LoveQi;
				TargetAttributes = {
					8D39F3361EAF160700503B78 = {
						CreatedOnToolsVersion = 8.3.1;
						ProvisioningStyle = Automatic;
					};
					8D39F34F1EAF160700503B78 = {
						CreatedOnToolsVersion = 8.3.1;
						ProvisioningStyle = Automatic;
						TestTargetID = 8D39F3361EAF160700503B78;
					};
					8D39F35A1EAF160700503B78 = {
						CreatedOnToolsVersion = 8.3.1;
						ProvisioningStyle = Automatic;
						TestTargetID = 8D39F3361EAF160700503B78;
					};
				};
			};
			buildConfigurationList = 8D39F3321EAF160700503B78 /* Build configuration list for PBXProject "抽屉效果" */;
			compatibilityVersion = "Xcode 3.2";
			developmentRegion = English;
			hasScannedForEncodings = 0;
			knownRegions = (
				en,
				Base,
			);
			mainGroup = 8D39F32E1EAF160700503B78;
			productRefGroup = 8D39F3381EAF160700503B78 /* Products */;
			projectDirPath = "";
			projectRoot = "";
			targets = (
				8D39F3361EAF160700503B78 /* 抽屉效果 */,
				8D39F34F1EAF160700503B78 /* 抽屉效果Tests */,
				8D39F35A1EAF160700503B78 /* 抽屉效果UITests */,
			);
		};
/* End PBXProject section */

/* Begin PBXResourcesBuildPhase section */
		8D39F3351EAF160700503B78 /* Resources */ = {
			isa = PBXResourcesBuildPhase;
			buildActionMask = 2147483647;
			files = (
				8D39F34A1EAF160700503B78 /* LaunchScreen.storyboard in Resources */,
				8D39F3471EAF160700503B78 /* Assets.xcassets in Resources */,
				8D39F3451EAF160700503B78 /* Main.storyboard in Resources */,
			);
			runOnlyForDeploymentPostprocessing = 0;
		};
		8D39F34E1EAF160700503B78 /* Resources */ = {
			isa = PBXResourcesBuildPhase;
			buildActionMask = 2147483647;
			files = (
			);
			runOnlyForDeploymentPostprocessing = 0;
		};
		8D39F3591EAF160700503B78 /* Resources */ = {
			isa = PBXResourcesBuildPhase;
			buildActionMask = 2147483647;
			files = (
			);
			runOnlyForDeploymentPostprocessing = 0;
		};
/* End PBXResourcesBuildPhase section */

/* Begin PBXSourcesBuildPhase section */
		8D39F3331EAF160700503B78 /* Sources */ = {
			isa = PBXSourcesBuildPhase;
			buildActionMask = 2147483647;
			files = (
				8D39F3421EAF160700503B78 /* ViewController.m in Sources */,
				8D39F33F1EAF160700503B78 /* AppDelegate.m in Sources */,
				8D39F36F1EAF165D00503B78 /* HYRDragViewController.m in Sources */,
				8D39F33C1EAF160700503B78 /* main.m in Sources */,
			);
			runOnlyForDeploymentPostprocessing = 0;
		};
		8D39F34C1EAF160700503B78 /* Sources */ = {
			isa = PBXSourcesBuildPhase;
			buildActionMask = 2147483647;
			files = (
				8D39F3551EAF160700503B78 /* ____Tests.m in Sources */,
			);
			runOnlyForDeploymentPostprocessing = 0;
		};
		8D39F3571EAF160700503B78 /* Sources */ = {
			isa = PBXSourcesBuildPhase;
			buildActionMask = 2147483647;
			files = (
				8D39F3601EAF160700503B78 /* ____UITests.m in Sources */,
			);
			runOnlyForDeploymentPostprocessing = 0;
		};
/* End PBXSourcesBuildPhase section */

/* Begin PBXTargetDependency section */
		8D39F3521EAF160700503B78 /* PBXTargetDependency */ = {
			isa = PBXTargetDependency;
			target = 8D39F3361EAF160700503B78 /* 抽屉效果 */;
			targetProxy = 8D39F3511EAF160700503B78 /* PBXContainerItemProxy */;
		};
		8D39F35D1EAF160700503B78 /* PBXTargetDependency */ = {
			isa = PBXTargetDependency;
			target = 8D39F3361EAF160700503B78 /* 抽屉效果 */;
			targetProxy = 8D39F35C1EAF160700503B78 /* PBXContainerItemProxy */;
		};
/* End PBXTargetDependency section */

/* Begin PBXVariantGroup section */
		8D39F3431EAF160700503B78 /* Main.storyboard */ = {
			isa = PBXVariantGroup;
			children = (
				8D39F3441EAF160700503B78 /* Base */,
			);
			name = Main.storyboard;
			sourceTree = "<group>";
		};
		8D39F3481EAF160700503B78 /* LaunchScreen.storyboard */ = {
			isa = PBXVariantGroup;
			children = (
				8D39F3491EAF160700503B78 /* Base */,
			);
			name = LaunchScreen.storyboard;
			sourceTree = "<group>";
		};
/* End PBXVariantGroup section */

/* Begin XCBuildConfiguration section */
		8D39F3621EAF160700503B78 /* Debug */ = {
			isa = XCBuildConfiguration;
			buildSettings = {
				ALWAYS_SEARCH_USER_PATHS = NO;
				CLANG_ANALYZER_NONNULL = YES;
				CLANG_ANALYZER_NUMBER_OBJECT_CONVERSION = YES_AGGRESSIVE;
				CLANG_CXX_LANGUAGE_STANDARD = "gnu++0x";
				CLANG_CXX_LIBRARY = "libc++";
				CLANG_ENABLE_MODULES = YES;
				CLANG_ENABLE_OBJC_ARC = YES;
				CLANG_WARN_BOOL_CONVERSION = YES;
				CLANG_WARN_CONSTANT_CONVERSION = YES;
				CLANG_WARN_DIRECT_OBJC_ISA_USAGE = YES_ERROR;
				CLANG_WARN_DOCUMENTATION_COMMENTS = YES;
				CLANG_WARN_EMPTY_BODY = YES;
				CLANG_WARN_ENUM_CONVERSION = YES;
				CLANG_WARN_INFINITE_RECURSION = YES;
				CLANG_WARN_INT_CONVERSION = YES;
				CLANG_WARN_OBJC_ROOT_CLASS = YES_ERROR;
				CLANG_WARN_SUSPICIOUS_MOVE = YES;
				CLANG_WARN_UNREACHABLE_CODE = YES;
				CLANG_WARN__DUPLICATE_METHOD_MATCH = YES;
				"CODE_SIGN_IDENTITY[sdk=iphoneos*]" = "iPhone Developer";
				COPY_PHASE_STRIP = NO;
				DEBUG_INFORMATION_FORMAT = dwarf;
				ENABLE_STRICT_OBJC_MSGSEND = YES;
				ENABLE_TESTABILITY = YES;
				GCC_C_LANGUAGE_STANDARD = gnu99;
				GCC_DYNAMIC_NO_PIC = NO;
				GCC_NO_COMMON_BLOCKS = YES;
				GCC_OPTIMIZATION_LEVEL = 0;
				GCC_PREPROCESSOR_DEFINITIONS = (
					"DEBUG=1",
					"$(inherited)",
				);
				GCC_WARN_64_TO_32_BIT_CONVERSION = YES;
				GCC_WARN_ABOUT_RETURN_TYPE = YES_ERROR;
				GCC_WARN_UNDECLARED_SELECTOR = YES;
				GCC_WARN_UNINITIALIZED_AUTOS = YES_AGGRESSIVE;
				GCC_WARN_UNUSED_FUNCTION = YES;
				GCC_WARN_UNUSED_VARIABLE = YES;
				IPHONEOS_DEPLOYMENT_TARGET = 10.3;
				MTL_ENABLE_DEBUG_INFO = YES;
				ONLY_ACTIVE_ARCH = YES;
				SDKROOT = iphoneos;
			};
			name = Debug;
		};
		8D39F3631EAF160700503B78 /* Release */ = {
			isa = XCBuildConfiguration;
			buildSettings = {
				ALWAYS_SEARCH_USER_PATHS = NO;
				CLANG_ANALYZER_NONNULL = YES;
				CLANG_ANALYZER_NUMBER_OBJECT_CONVERSION = YES_AGGRESSIVE;
				CLANG_CXX_LANGUAGE_STANDARD = "gnu++0x";
				CLANG_CXX_LIBRARY = "libc++";
				CLANG_ENABLE_MODULES = YES;
				CLANG_ENABLE_OBJC_ARC = YES;
				CLANG_WARN_BOOL_CONVERSION = YES;
				CLANG_WARN_CONSTANT_CONVERSION = YES;
				CLANG_WARN_DIRECT_OBJC_ISA_USAGE = YES_ERROR;
				CLANG_WARN_DOCUMENTATION_COMMENTS = YES;
				CLANG_WARN_EMPTY_BODY = YES;
				CLANG_WARN_ENUM_CONVERSION = YES;
				CLANG_WARN_INFINITE_RECURSION = YES;
				CLANG_WARN_INT_CONVERSION = YES;
				CLANG_WARN_OBJC_ROOT_CLASS = YES_ERROR;
				CLANG_WARN_SUSPICIOUS_MOVE = YES;
				CLANG_WARN_UNREACHABLE_CODE = YES;
				CLANG_WARN__DUPLICATE_METHOD_MATCH = YES;
				"CODE_SIGN_IDENTITY[sdk=iphoneos*]" = "iPhone Developer";
				COPY_PHASE_STRIP = NO;
				DEBUG_INFORMATION_FORMAT = "dwarf-with-dsym";
				ENABLE_NS_ASSERTIONS = NO;
				ENABLE_STRICT_OBJC_MSGSEND = YES;
				GCC_C_LANGUAGE_STANDARD = gnu99;
				GCC_NO_COMMON_BLOCKS = YES;
				GCC_WARN_64_TO_32_BIT_CONVERSION = YES;
				GCC_WARN_ABOUT_RETURN_TYPE = YES_ERROR;
				GCC_WARN_UNDECLARED_SELECTOR = YES;
				GCC_WARN_UNINITIALIZED_AUTOS = YES_AGGRESSIVE;
				GCC_WARN_UNUSED_FUNCTION = YES;
				GCC_WARN_UNUSED_VARIABLE = YES;
				IPHONEOS_DEPLOYMENT_TARGET = 10.3;
				MTL_ENABLE_DEBUG_INFO = NO;
				SDKROOT = iphoneos;
				VALIDATE_PRODUCT = YES;
			};
			name = Release;
		};
		8D39F3651EAF160700503B78 /* Debug */ = {
			isa = XCBuildConfiguration;
			buildSettings = {
				ASSETCATALOG_COMPILER_APPICON_NAME = AppIcon;
				INFOPLIST_FILE = "抽屉效果/Info.plist";
				LD_RUNPATH_SEARCH_PATHS = "$(inherited) @executable_path/Frameworks";
				PRODUCT_BUNDLE_IDENTIFIER = "com.successful.----";
				PRODUCT_NAME = "$(TARGET_NAME)";
			};
			name = Debug;
		};
		8D39F3661EAF160700503B78 /* Release */ = {
			isa = XCBuildConfiguration;
			buildSettings = {
				ASSETCATALOG_COMPILER_APPICON_NAME = AppIcon;
				INFOPLIST_FILE = "抽屉效果/Info.plist";
				LD_RUNPATH_SEARCH_PATHS = "$(inherited) @executable_path/Frameworks";
				PRODUCT_BUNDLE_IDENTIFIER = "com.successful.----";
				PRODUCT_NAME = "$(TARGET_NAME)";
			};
			name = Release;
		};
		8D39F3681EAF160700503B78 /* Debug */ = {
			isa = XCBuildConfiguration;
			buildSettings = {
				BUNDLE_LOADER = "$(TEST_HOST)";
				INFOPLIST_FILE = "抽屉效果Tests/Info.plist";
				LD_RUNPATH_SEARCH_PATHS = "$(inherited) @executable_path/Frameworks @loader_path/Frameworks";
				PRODUCT_BUNDLE_IDENTIFIER = "com.successful.----Tests";
				PRODUCT_NAME = "$(TARGET_NAME)";
				TEST_HOST = "$(BUILT_PRODUCTS_DIR)/抽屉效果.app/抽屉效果";
			};
			name = Debug;
		};
		8D39F3691EAF160700503B78 /* Release */ = {
			isa = XCBuildConfiguration;
			buildSettings = {
				BUNDLE_LOADER = "$(TEST_HOST)";
				INFOPLIST_FILE = "抽屉效果Tests/Info.plist";
				LD_RUNPATH_SEARCH_PATHS = "$(inherited) @executable_path/Frameworks @loader_path/Frameworks";
				PRODUCT_BUNDLE_IDENTIFIER = "com.successful.----Tests";
				PRODUCT_NAME = "$(TARGET_NAME)";
				TEST_HOST = "$(BUILT_PRODUCTS_DIR)/抽屉效果.app/抽屉效果";
			};
			name = Release;
		};
		8D39F36B1EAF160700503B78 /* Debug */ = {
			isa = XCBuildConfiguration;
			buildSettings = {
				INFOPLIST_FILE = "抽屉效果UITests/Info.plist";
				LD_RUNPATH_SEARCH_PATHS = "$(inherited) @executable_path/Frameworks @loader_path/Frameworks";
				PRODUCT_BUNDLE_IDENTIFIER = "com.successful.----UITests";
				PRODUCT_NAME = "$(TARGET_NAME)";
				TEST_TARGET_NAME = "抽屉效果";
			};
			name = Debug;
		};
		8D39F36C1EAF160700503B78 /* Release */ = {
			isa = XCBuildConfiguration;
			buildSettings = {
				INFOPLIST_FILE = "抽屉效果UITests/Info.plist";
				LD_RUNPATH_SEARCH_PATHS = "$(inherited) @executable_path/Frameworks @loader_path/Frameworks";
				PRODUCT_BUNDLE_IDENTIFIER = "com.successful.----UITests";
				PRODUCT_NAME = "$(TARGET_NAME)";
				TEST_TARGET_NAME = "抽屉效果";
			};
			name = Release;
		};
/* End XCBuildConfiguration section */

/* Begin XCConfigurationList section */
		8D39F3321EAF160700503B78 /* Build configuration list for PBXProject "抽屉效果" */ = {
			isa = XCConfigurationList;
			buildConfigurations = (
				8D39F3621EAF160700503B78 /* Debug */,
				8D39F3631EAF160700503B78 /* Release */,
			);
			defaultConfigurationIsVisible = 0;
			defaultConfigurationName = Release;
		};
		8D39F3641EAF160700503B78 /* Build configuration list for PBXNativeTarget "抽屉效果" */ = {
			isa = XCConfigurationList;
			buildConfigurations = (
				8D39F3651EAF160700503B78 /* Debug */,
				8D39F3661EAF160700503B78 /* Release */,
			);
			defaultConfigurationIsVisible = 0;
		};
		8D39F3671EAF160700503B78 /* Build configuration list for PBXNativeTarget "抽屉效果Tests" */ = {
			isa = XCConfigurationList;
			buildConfigurations = (
				8D39F3681EAF160700503B78 /* Debug */,
				8D39F3691EAF160700503B78 /* Release */,
			);
			defaultConfigurationIsVisible = 0;
		};
		8D39F36A1EAF160700503B78 /* Build configuration list for PBXNativeTarget "抽屉效果UITests" */ = {
			isa = XCConfigurationList;
			buildConfigurations = (
				8D39F36B1EAF160700503B78 /* Debug */,
				8D39F36C1EAF160700503B78 /* Release */,
			);
			defaultConfigurationIsVisible = 0;
		};
/* End XCConfigurationList section */
	};
	rootObject = 8D39F32F1EAF160700503B78 /* Project object */;
}
